// !$*UTF8*$!
{
	archiveVersion = 1;
	classes = {
	};
	objectVersion = 56;
	objects = {

/* Begin PBXBuildFile section */
		7DA2B3C92B3CAFEA00293EAB /* AppDelegate.swift in Sources */ = {isa = PBXBuildFile; fileRef = 7DA2B3C82B3CAFEA00293EAB /* AppDelegate.swift */; };
		7DA2B3CB2B3CAFEA00293EAB /* SceneDelegate.swift in Sources */ = {isa = PBXBuildFile; fileRef = 7DA2B3CA2B3CAFEA00293EAB /* SceneDelegate.swift */; };
		7DA2B3CD2B3CAFEA00293EAB /* MainViewController.swift in Sources */ = {isa = PBXBuildFile; fileRef = 7DA2B3CC2B3CAFEA00293EAB /* MainViewController.swift */; };
		7DA2B3D02B3CAFEA00293EAB /* Main.storyboard in Resources */ = {isa = PBXBuildFile; fileRef = 7DA2B3CE2B3CAFEA00293EAB /* Main.storyboard */; };
		7DA2B3D22B3CAFEB00293EAB /* Assets.xcassets in Resources */ = {isa = PBXBuildFile; fileRef = 7DA2B3D12B3CAFEB00293EAB /* Assets.xcassets */; };
		7DA2B3D52B3CAFEB00293EAB /* LaunchScreen.storyboard in Resources */ = {isa = PBXBuildFile; fileRef = 7DA2B3D32B3CAFEB00293EAB /* LaunchScreen.storyboard */; };
		7DA2B3DE2B3CB18700293EAB /* WeatherFeatchService.swift in Sources */ = {isa = PBXBuildFile; fileRef = 7DA2B3DD2B3CB18700293EAB /* WeatherFeatchService.swift */; };
		7DA2B3E12B3CB31A00293EAB /* SnapKit in Frameworks */ = {isa = PBXBuildFile; productRef = 7DA2B3E02B3CB31A00293EAB /* SnapKit */; };
		7DA2B3E42B3CB33D00293EAB /* RxCocoa in Frameworks */ = {isa = PBXBuildFile; productRef = 7DA2B3E32B3CB33D00293EAB /* RxCocoa */; };
		7DA2B3E62B3CB33D00293EAB /* RxRelay in Frameworks */ = {isa = PBXBuildFile; productRef = 7DA2B3E52B3CB33D00293EAB /* RxRelay */; };
		7DA2B3E82B3CB33D00293EAB /* RxSwift in Frameworks */ = {isa = PBXBuildFile; productRef = 7DA2B3E72B3CB33D00293EAB /* RxSwift */; };
		7DA2B3EA2B3CB7F200293EAB /* WeatherData.swift in Sources */ = {isa = PBXBuildFile; fileRef = 7DA2B3E92B3CB7F200293EAB /* WeatherData.swift */; };
		7DA2B3ED2B3CBC3800293EAB /* MainViewModel.swift in Sources */ = {isa = PBXBuildFile; fileRef = 7DA2B3EC2B3CBC3800293EAB /* MainViewModel.swift */; };
		7DA2B3EF2B3CCB9500293EAB /* LocationService.swift in Sources */ = {isa = PBXBuildFile; fileRef = 7DA2B3EE2B3CCB9500293EAB /* LocationService.swift */; };
/* End PBXBuildFile section */

/* Begin PBXFileReference section */
		7DA2B3C52B3CAFEA00293EAB /* AstonWeatherApp.app */ = {isa = PBXFileReference; explicitFileType = wrapper.application; includeInIndex = 0; path = AstonWeatherApp.app; sourceTree = BUILT_PRODUCTS_DIR; };
		7DA2B3C82B3CAFEA00293EAB /* AppDelegate.swift */ = {isa = PBXFileReference; lastKnownFileType = sourcecode.swift; path = AppDelegate.swift; sourceTree = "<group>"; };
		7DA2B3CA2B3CAFEA00293EAB /* SceneDelegate.swift */ = {isa = PBXFileReference; lastKnownFileType = sourcecode.swift; path = SceneDelegate.swift; sourceTree = "<group>"; };
		7DA2B3CC2B3CAFEA00293EAB /* MainViewController.swift */ = {isa = PBXFileReference; lastKnownFileType = sourcecode.swift; path = MainViewController.swift; sourceTree = "<group>"; };
		7DA2B3CF2B3CAFEA00293EAB /* Base */ = {isa = PBXFileReference; lastKnownFileType = file.storyboard; name = Base; path = Base.lproj/Main.storyboard; sourceTree = "<group>"; };
		7DA2B3D12B3CAFEB00293EAB /* Assets.xcassets */ = {isa = PBXFileReference; lastKnownFileType = folder.assetcatalog; path = Assets.xcassets; sourceTree = "<group>"; };
		7DA2B3D42B3CAFEB00293EAB /* Base */ = {isa = PBXFileReference; lastKnownFileType = file.storyboard; name = Base; path = Base.lproj/LaunchScreen.storyboard; sourceTree = "<group>"; };
		7DA2B3D62B3CAFEB00293EAB /* Info.plist */ = {isa = PBXFileReference; lastKnownFileType = text.plist.xml; path = Info.plist; sourceTree = "<group>"; };
		7DA2B3DD2B3CB18700293EAB /* WeatherFeatchService.swift */ = {isa = PBXFileReference; lastKnownFileType = sourcecode.swift; path = WeatherFeatchService.swift; sourceTree = "<group>"; };
		7DA2B3E92B3CB7F200293EAB /* WeatherData.swift */ = {isa = PBXFileReference; lastKnownFileType = sourcecode.swift; path = WeatherData.swift; sourceTree = "<group>"; };
		7DA2B3EC2B3CBC3800293EAB /* MainViewModel.swift */ = {isa = PBXFileReference; lastKnownFileType = sourcecode.swift; path = MainViewModel.swift; sourceTree = "<group>"; };
		7DA2B3EE2B3CCB9500293EAB /* LocationService.swift */ = {isa = PBXFileReference; lastKnownFileType = sourcecode.swift; path = LocationService.swift; sourceTree = "<group>"; };
/* End PBXFileReference section */

/* Begin PBXFrameworksBuildPhase section */
		7DA2B3C22B3CAFEA00293EAB /* Frameworks */ = {
			isa = PBXFrameworksBuildPhase;
			buildActionMask = 2147483647;
			files = (
				7DA2B3E62B3CB33D00293EAB /* RxRelay in Frameworks */,
				7DA2B3E42B3CB33D00293EAB /* RxCocoa in Frameworks */,
				7DA2B3E82B3CB33D00293EAB /* RxSwift in Frameworks */,
				7DA2B3E12B3CB31A00293EAB /* SnapKit in Frameworks */,
			);
			runOnlyForDeploymentPostprocessing = 0;
		};
/* End PBXFrameworksBuildPhase section */

/* Begin PBXGroup section */
		7DA2B3BC2B3CAFE900293EAB = {
			isa = PBXGroup;
			children = (
				7DA2B3C72B3CAFEA00293EAB /* AstonWeatherApp */,
				7DA2B3C62B3CAFEA00293EAB /* Products */,
			);
			sourceTree = "<group>";
		};
		7DA2B3C62B3CAFEA00293EAB /* Products */ = {
			isa = PBXGroup;
			children = (
				7DA2B3C52B3CAFEA00293EAB /* AstonWeatherApp.app */,
			);
			name = Products;
			sourceTree = "<group>";
		};
		7DA2B3C72B3CAFEA00293EAB /* AstonWeatherApp */ = {
			isa = PBXGroup;
			children = (
				7DA2B3DC2B3CB11A00293EAB /* Services */,
				7DA2B3EB2B3CBC1F00293EAB /* MainModule */,
				7DA2B3C82B3CAFEA00293EAB /* AppDelegate.swift */,
				7DA2B3CA2B3CAFEA00293EAB /* SceneDelegate.swift */,
				7DA2B3E92B3CB7F200293EAB /* WeatherData.swift */,
				7DA2B3CE2B3CAFEA00293EAB /* Main.storyboard */,
				7DA2B3D12B3CAFEB00293EAB /* Assets.xcassets */,
				7DA2B3D32B3CAFEB00293EAB /* LaunchScreen.storyboard */,
				7DA2B3D62B3CAFEB00293EAB /* Info.plist */,
			);
			path = AstonWeatherApp;
			sourceTree = "<group>";
		};
		7DA2B3DC2B3CB11A00293EAB /* Services */ = {
			isa = PBXGroup;
			children = (
				7DA2B3DD2B3CB18700293EAB /* WeatherFeatchService.swift */,
				7DA2B3EE2B3CCB9500293EAB /* LocationService.swift */,
			);
			path = Services;
			sourceTree = "<group>";
		};
		7DA2B3EB2B3CBC1F00293EAB /* MainModule */ = {
			isa = PBXGroup;
			children = (
				7DA2B3CC2B3CAFEA00293EAB /* MainViewController.swift */,
				7DA2B3EC2B3CBC3800293EAB /* MainViewModel.swift */,
			);
			path = MainModule;
			sourceTree = "<group>";
		};
/* End PBXGroup section */

/* Begin PBXNativeTarget section */
		7DA2B3C42B3CAFEA00293EAB /* AstonWeatherApp */ = {
			isa = PBXNativeTarget;
			buildConfigurationList = 7DA2B3D92B3CAFEB00293EAB /* Build configuration list for PBXNativeTarget "AstonWeatherApp" */;
			buildPhases = (
				7DA2B3C12B3CAFEA00293EAB /* Sources */,
				7DA2B3C22B3CAFEA00293EAB /* Frameworks */,
				7DA2B3C32B3CAFEA00293EAB /* Resources */,
			);
			buildRules = (
			);
			dependencies = (
			);
			name = AstonWeatherApp;
			packageProductDependencies = (
				7DA2B3E02B3CB31A00293EAB /* SnapKit */,
				7DA2B3E32B3CB33D00293EAB /* RxCocoa */,
				7DA2B3E52B3CB33D00293EAB /* RxRelay */,
				7DA2B3E72B3CB33D00293EAB /* RxSwift */,
			);
			productName = AstonWeatherApp;
			productReference = 7DA2B3C52B3CAFEA00293EAB /* AstonWeatherApp.app */;
			productType = "com.apple.product-type.application";
		};
/* End PBXNativeTarget section */

/* Begin PBXProject section */
		7DA2B3BD2B3CAFE900293EAB /* Project object */ = {
			isa = PBXProject;
			attributes = {
				BuildIndependentTargetsInParallel = 1;
				LastSwiftUpdateCheck = 1500;
				LastUpgradeCheck = 1500;
				TargetAttributes = {
					7DA2B3C42B3CAFEA00293EAB = {
						CreatedOnToolsVersion = 15.0.1;
					};
				};
			};
			buildConfigurationList = 7DA2B3C02B3CAFE900293EAB /* Build configuration list for PBXProject "AstonWeatherApp" */;
			compatibilityVersion = "Xcode 14.0";
			developmentRegion = en;
			hasScannedForEncodings = 0;
			knownRegions = (
				en,
				Base,
			);
			mainGroup = 7DA2B3BC2B3CAFE900293EAB;
			packageReferences = (
				7DA2B3DF2B3CB31A00293EAB /* XCRemoteSwiftPackageReference "SnapKit" */,
				7DA2B3E22B3CB33D00293EAB /* XCRemoteSwiftPackageReference "RxSwift" */,
			);
			productRefGroup = 7DA2B3C62B3CAFEA00293EAB /* Products */;
			projectDirPath = "";
			projectRoot = "";
			targets = (
				7DA2B3C42B3CAFEA00293EAB /* AstonWeatherApp */,
			);
		};
/* End PBXProject section */

/* Begin PBXResourcesBuildPhase section */
		7DA2B3C32B3CAFEA00293EAB /* Resources */ = {
			isa = PBXResourcesBuildPhase;
			buildActionMask = 2147483647;
			files = (
				7DA2B3D52B3CAFEB00293EAB /* LaunchScreen.storyboard in Resources */,
				7DA2B3D22B3CAFEB00293EAB /* Assets.xcassets in Resources */,
				7DA2B3D02B3CAFEA00293EAB /* Main.storyboard in Resources */,
			);
			runOnlyForDeploymentPostprocessing = 0;
		};
/* End PBXResourcesBuildPhase section */

/* Begin PBXSourcesBuildPhase section */
		7DA2B3C12B3CAFEA00293EAB /* Sources */ = {
			isa = PBXSourcesBuildPhase;
			buildActionMask = 2147483647;
			files = (
				7DA2B3EF2B3CCB9500293EAB /* LocationService.swift in Sources */,
				7DA2B3CD2B3CAFEA00293EAB /* MainViewController.swift in Sources */,
				7DA2B3DE2B3CB18700293EAB /* WeatherFeatchService.swift in Sources */,
				7DA2B3C92B3CAFEA00293EAB /* AppDelegate.swift in Sources */,
				7DA2B3EA2B3CB7F200293EAB /* WeatherData.swift in Sources */,
				7DA2B3CB2B3CAFEA00293EAB /* SceneDelegate.swift in Sources */,
				7DA2B3ED2B3CBC3800293EAB /* MainViewModel.swift in Sources */,
			);
			runOnlyForDeploymentPostprocessing = 0;
		};
/* End PBXSourcesBuildPhase section */

/* Begin PBXVariantGroup section */
		7DA2B3CE2B3CAFEA00293EAB /* Main.storyboard */ = {
			isa = PBXVariantGroup;
			children = (
				7DA2B3CF2B3CAFEA00293EAB /* Base */,
			);
			name = Main.storyboard;
			sourceTree = "<group>";
		};
		7DA2B3D32B3CAFEB00293EAB /* LaunchScreen.storyboard */ = {
			isa = PBXVariantGroup;
			children = (
				7DA2B3D42B3CAFEB00293EAB /* Base */,
			);
			name = LaunchScreen.storyboard;
			sourceTree = "<group>";
		};
/* End PBXVariantGroup section */

/* Begin XCBuildConfiguration section */
		7DA2B3D72B3CAFEB00293EAB /* Debug */ = {
			isa = XCBuildConfiguration;
			buildSettings = {
				ALWAYS_SEARCH_USER_PATHS = NO;
				ASSETCATALOG_COMPILER_GENERATE_SWIFT_ASSET_SYMBOL_EXTENSIONS = YES;
				CLANG_ANALYZER_NONNULL = YES;
				CLANG_ANALYZER_NUMBER_OBJECT_CONVERSION = YES_AGGRESSIVE;
				CLANG_CXX_LANGUAGE_STANDARD = "gnu++20";
				CLANG_ENABLE_MODULES = YES;
				CLANG_ENABLE_OBJC_ARC = YES;
				CLANG_ENABLE_OBJC_WEAK = YES;
				CLANG_WARN_BLOCK_CAPTURE_AUTORELEASING = YES;
				CLANG_WARN_BOOL_CONVERSION = YES;
				CLANG_WARN_COMMA = YES;
				CLANG_WARN_CONSTANT_CONVERSION = YES;
				CLANG_WARN_DEPRECATED_OBJC_IMPLEMENTATIONS = YES;
				CLANG_WARN_DIRECT_OBJC_ISA_USAGE = YES_ERROR;
				CLANG_WARN_DOCUMENTATION_COMMENTS = YES;
				CLANG_WARN_EMPTY_BODY = YES;
				CLANG_WARN_ENUM_CONVERSION = YES;
				CLANG_WARN_INFINITE_RECURSION = YES;
				CLANG_WARN_INT_CONVERSION = YES;
				CLANG_WARN_NON_LITERAL_NULL_CONVERSION = YES;
				CLANG_WARN_OBJC_IMPLICIT_RETAIN_SELF = YES;
				CLANG_WARN_OBJC_LITERAL_CONVERSION = YES;
				CLANG_WARN_OBJC_ROOT_CLASS = YES_ERROR;
				CLANG_WARN_QUOTED_INCLUDE_IN_FRAMEWORK_HEADER = YES;
				CLANG_WARN_RANGE_LOOP_ANALYSIS = YES;
				CLANG_WARN_STRICT_PROTOTYPES = YES;
				CLANG_WARN_SUSPICIOUS_MOVE = YES;
				CLANG_WARN_UNGUARDED_AVAILABILITY = YES_AGGRESSIVE;
				CLANG_WARN_UNREACHABLE_CODE = YES;
				CLANG_WARN__DUPLICATE_METHOD_MATCH = YES;
				COPY_PHASE_STRIP = NO;
				DEBUG_INFORMATION_FORMAT = dwarf;
				ENABLE_STRICT_OBJC_MSGSEND = YES;
				ENABLE_TESTABILITY = YES;
				ENABLE_USER_SCRIPT_SANDBOXING = YES;
				GCC_C_LANGUAGE_STANDARD = gnu17;
				GCC_DYNAMIC_NO_PIC = NO;
				GCC_NO_COMMON_BLOCKS = YES;
				GCC_OPTIMIZATION_LEVEL = 0;
				GCC_PREPROCESSOR_DEFINITIONS = (
					"DEBUG=1",
					"$(inherited)",
				);
				GCC_WARN_64_TO_32_BIT_CONVERSION = YES;
				GCC_WARN_ABOUT_RETURN_TYPE = YES_ERROR;
				GCC_WARN_UNDECLARED_SELECTOR = YES;
				GCC_WARN_UNINITIALIZED_AUTOS = YES_AGGRESSIVE;
				GCC_WARN_UNUSED_FUNCTION = YES;
				GCC_WARN_UNUSED_VARIABLE = YES;
				IPHONEOS_DEPLOYMENT_TARGET = 17.0;
				LOCALIZATION_PREFERS_STRING_CATALOGS = YES;
				MTL_ENABLE_DEBUG_INFO = INCLUDE_SOURCE;
				MTL_FAST_MATH = YES;
				ONLY_ACTIVE_ARCH = YES;
				SDKROOT = iphoneos;
				SWIFT_ACTIVE_COMPILATION_CONDITIONS = "DEBUG $(inherited)";
				SWIFT_OPTIMIZATION_LEVEL = "-Onone";
			};
			name = Debug;
		};
		7DA2B3D82B3CAFEB00293EAB /* Release */ = {
			isa = XCBuildConfiguration;
			buildSettings = {
				ALWAYS_SEARCH_USER_PATHS = NO;
				ASSETCATALOG_COMPILER_GENERATE_SWIFT_ASSET_SYMBOL_EXTENSIONS = YES;
				CLANG_ANALYZER_NONNULL = YES;
				CLANG_ANALYZER_NUMBER_OBJECT_CONVERSION = YES_AGGRESSIVE;
				CLANG_CXX_LANGUAGE_STANDARD = "gnu++20";
				CLANG_ENABLE_MODULES = YES;
				CLANG_ENABLE_OBJC_ARC = YES;
				CLANG_ENABLE_OBJC_WEAK = YES;
				CLANG_WARN_BLOCK_CAPTURE_AUTORELEASING = YES;
				CLANG_WARN_BOOL_CONVERSION = YES;
				CLANG_WARN_COMMA = YES;
				CLANG_WARN_CONSTANT_CONVERSION = YES;
				CLANG_WARN_DEPRECATED_OBJC_IMPLEMENTATIONS = YES;
				CLANG_WARN_DIRECT_OBJC_ISA_USAGE = YES_ERROR;
				CLANG_WARN_DOCUMENTATION_COMMENTS = YES;
				CLANG_WARN_EMPTY_BODY = YES;
				CLANG_WARN_ENUM_CONVERSION = YES;
				CLANG_WARN_INFINITE_RECURSION = YES;
				CLANG_WARN_INT_CONVERSION = YES;
				CLANG_WARN_NON_LITERAL_NULL_CONVERSION = YES;
				CLANG_WARN_OBJC_IMPLICIT_RETAIN_SELF = YES;
				CLANG_WARN_OBJC_LITERAL_CONVERSION = YES;
				CLANG_WARN_OBJC_ROOT_CLASS = YES_ERROR;
				CLANG_WARN_QUOTED_INCLUDE_IN_FRAMEWORK_HEADER = YES;
				CLANG_WARN_RANGE_LOOP_ANALYSIS = YES;
				CLANG_WARN_STRICT_PROTOTYPES = YES;
				CLANG_WARN_SUSPICIOUS_MOVE = YES;
				CLANG_WARN_UNGUARDED_AVAILABILITY = YES_AGGRESSIVE;
				CLANG_WARN_UNREACHABLE_CODE = YES;
				CLANG_WARN__DUPLICATE_METHOD_MATCH = YES;
				COPY_PHASE_STRIP = NO;
				DEBUG_INFORMATION_FORMAT = "dwarf-with-dsym";
				ENABLE_NS_ASSERTIONS = NO;
				ENABLE_STRICT_OBJC_MSGSEND = YES;
				ENABLE_USER_SCRIPT_SANDBOXING = YES;
				GCC_C_LANGUAGE_STANDARD = gnu17;
				GCC_NO_COMMON_BLOCKS = YES;
				GCC_WARN_64_TO_32_BIT_CONVERSION = YES;
				GCC_WARN_ABOUT_RETURN_TYPE = YES_ERROR;
				GCC_WARN_UNDECLARED_SELECTOR = YES;
				GCC_WARN_UNINITIALIZED_AUTOS = YES_AGGRESSIVE;
				GCC_WARN_UNUSED_FUNCTION = YES;
				GCC_WARN_UNUSED_VARIABLE = YES;
				IPHONEOS_DEPLOYMENT_TARGET = 17.0;
				LOCALIZATION_PREFERS_STRING_CATALOGS = YES;
				MTL_ENABLE_DEBUG_INFO = NO;
				MTL_FAST_MATH = YES;
				SDKROOT = iphoneos;
				SWIFT_COMPILATION_MODE = wholemodule;
				VALIDATE_PRODUCT = YES;
			};
			name = Release;
		};
		7DA2B3DA2B3CAFEB00293EAB /* Debug */ = {
			isa = XCBuildConfiguration;
			buildSettings = {
				ASSETCATALOG_COMPILER_APPICON_NAME = AppIcon;
				ASSETCATALOG_COMPILER_GLOBAL_ACCENT_COLOR_NAME = AccentColor;
				CODE_SIGN_STYLE = Automatic;
				CURRENT_PROJECT_VERSION = 1;
				DEVELOPMENT_TEAM = 539DGM6UV7;
				GENERATE_INFOPLIST_FILE = YES;
				INFOPLIST_FILE = AstonWeatherApp/Info.plist;
				INFOPLIST_KEY_NSLocationAlwaysUsageDescription = "to know users location";
				INFOPLIST_KEY_NSLocationWhenInUseUsageDescription = "To know location";
				INFOPLIST_KEY_UIApplicationSupportsIndirectInputEvents = YES;
				INFOPLIST_KEY_UILaunchStoryboardName = LaunchScreen;
				INFOPLIST_KEY_UIMainStoryboardFile = Main;
				INFOPLIST_KEY_UISupportedInterfaceOrientations_iPad = "UIInterfaceOrientationPortrait UIInterfaceOrientationPortraitUpsideDown UIInterfaceOrientationLandscapeLeft UIInterfaceOrientationLandscapeRight";
				INFOPLIST_KEY_UISupportedInterfaceOrientations_iPhone = "UIInterfaceOrientationPortrait UIInterfaceOrientationLandscapeLeft UIInterfaceOrientationLandscapeRight";
				LD_RUNPATH_SEARCH_PATHS = (
					"$(inherited)",
					"@executable_path/Frameworks",
				);
				MARKETING_VERSION = 1.0;
				PRODUCT_BUNDLE_IDENTIFIER = "-23.AstonWeatherApp";
				PRODUCT_NAME = "$(TARGET_NAME)";
				SWIFT_EMIT_LOC_STRINGS = YES;
				SWIFT_VERSION = 5.0;
				TARGETED_DEVICE_FAMILY = "1,2";
			};
			name = Debug;
		};
		7DA2B3DB2B3CAFEB00293EAB /* Release */ = {
			isa = XCBuildConfiguration;
			buildSettings = {
				ASSETCATALOG_COMPILER_APPICON_NAME = AppIcon;
				ASSETCATALOG_COMPILER_GLOBAL_ACCENT_COLOR_NAME = AccentColor;
				CODE_SIGN_STYLE = Automatic;
				CURRENT_PROJECT_VERSION = 1;
				DEVELOPMENT_TEAM = 539DGM6UV7;
				GENERATE_INFOPLIST_FILE = YES;
				INFOPLIST_FILE = AstonWeatherApp/Info.plist;
				INFOPLIST_KEY_NSLocationAlwaysUsageDescription = "to know users location";
				INFOPLIST_KEY_NSLocationWhenInUseUsageDescription = "To know location";
				INFOPLIST_KEY_UIApplicationSupportsIndirectInputEvents = YES;
				INFOPLIST_KEY_UILaunchStoryboardName = LaunchScreen;
				INFOPLIST_KEY_UIMainStoryboardFile = Main;
				INFOPLIST_KEY_UISupportedInterfaceOrientations_iPad = "UIInterfaceOrientationPortrait UIInterfaceOrientationPortraitUpsideDown UIInterfaceOrientationLandscapeLeft UIInterfaceOrientationLandscapeRight";
				INFOPLIST_KEY_UISupportedInterfaceOrientations_iPhone = "UIInterfaceOrientationPortrait UIInterfaceOrientationLandscapeLeft UIInterfaceOrientationLandscapeRight";
				LD_RUNPATH_SEARCH_PATHS = (
					"$(inherited)",
					"@executable_path/Frameworks",
				);
				MARKETING_VERSION = 1.0;
				PRODUCT_BUNDLE_IDENTIFIER = "-23.AstonWeatherApp";
				PRODUCT_NAME = "$(TARGET_NAME)";
				SWIFT_EMIT_LOC_STRINGS = YES;
				SWIFT_VERSION = 5.0;
				TARGETED_DEVICE_FAMILY = "1,2";
			};
			name = Release;
		};
/* End XCBuildConfiguration section */

/* Begin XCConfigurationList section */
		7DA2B3C02B3CAFE900293EAB /* Build configuration list for PBXProject "AstonWeatherApp" */ = {
			isa = XCConfigurationList;
			buildConfigurations = (
				7DA2B3D72B3CAFEB00293EAB /* Debug */,
				7DA2B3D82B3CAFEB00293EAB /* Release */,
			);
			defaultConfigurationIsVisible = 0;
			defaultConfigurationName = Release;
		};
		7DA2B3D92B3CAFEB00293EAB /* Build configuration list for PBXNativeTarget "AstonWeatherApp" */ = {
			isa = XCConfigurationList;
			buildConfigurations = (
				7DA2B3DA2B3CAFEB00293EAB /* Debug */,
				7DA2B3DB2B3CAFEB00293EAB /* Release */,
			);
			defaultConfigurationIsVisible = 0;
			defaultConfigurationName = Release;
		};
/* End XCConfigurationList section */

/* Begin XCRemoteSwiftPackageReference section */
		7DA2B3DF2B3CB31A00293EAB /* XCRemoteSwiftPackageReference "SnapKit" */ = {
			isa = XCRemoteSwiftPackageReference;
			repositoryURL = "https://github.com/SnapKit/SnapKit";
			requirement = {
				kind = upToNextMajorVersion;
				minimumVersion = 5.6.0;
			};
		};
		7DA2B3E22B3CB33D00293EAB /* XCRemoteSwiftPackageReference "RxSwift" */ = {
			isa = XCRemoteSwiftPackageReference;
			repositoryURL = "https://github.com/ReactiveX/RxSwift";
			requirement = {
				kind = upToNextMajorVersion;
				minimumVersion = 6.6.0;
			};
		};
/* End XCRemoteSwiftPackageReference section */

/* Begin XCSwiftPackageProductDependency section */
		7DA2B3E02B3CB31A00293EAB /* SnapKit */ = {
			isa = XCSwiftPackageProductDependency;
			package = 7DA2B3DF2B3CB31A00293EAB /* XCRemoteSwiftPackageReference "SnapKit" */;
			productName = SnapKit;
		};
		7DA2B3E32B3CB33D00293EAB /* RxCocoa */ = {
			isa = XCSwiftPackageProductDependency;
			package = 7DA2B3E22B3CB33D00293EAB /* XCRemoteSwiftPackageReference "RxSwift" */;
			productName = RxCocoa;
		};
		7DA2B3E52B3CB33D00293EAB /* RxRelay */ = {
			isa = XCSwiftPackageProductDependency;
			package = 7DA2B3E22B3CB33D00293EAB /* XCRemoteSwiftPackageReference "RxSwift" */;
			productName = RxRelay;
		};
		7DA2B3E72B3CB33D00293EAB /* RxSwift */ = {
			isa = XCSwiftPackageProductDependency;
			package = 7DA2B3E22B3CB33D00293EAB /* XCRemoteSwiftPackageReference "RxSwift" */;
			productName = RxSwift;
		};
/* End XCSwiftPackageProductDependency section */
	};
	rootObject = 7DA2B3BD2B3CAFE900293EAB /* Project object */;
}
